
Microsoft Visual Studio Solution File, Format Version 12.00
# Visual Studio Version 16
VisualStudioVersion = 16.0.30611.23
MinimumVisualStudioVersion = 10.0.40219.1
Project("{FAE04EC0-301F-11D3-BF4B-00C04F79EFBC}") = "PIIT_exam", "PIIT_exam\PIIT_exam.csproj", "{8EC0C302-AE11-43FE-A03D-519A5E06E460}"
EndProject
Global
	GlobalSection(SolutionConfigurationPlatforms) = preSolution
		Debug|Any CPU = Debug|Any CPU
		Release|Any CPU = Release|Any CPU
	EndGlobalSection
	GlobalSection(ProjectConfigurationPlatforms) = postSolution
		{8EC0C302-AE11-43FE-A03D-519A5E06E460}.Debug|Any CPU.ActiveCfg = Debug|Any CPU
		{8EC0C302-AE11-43FE-A03D-519A5E06E460}.Debug|Any CPU.Build.0 = Debug|Any CPU
		{8EC0C302-AE11-43FE-A03D-519A5E06E460}.Release|Any CPU.ActiveCfg = Release|Any CPU
		{8EC0C302-AE11-43FE-A03D-519A5E06E460}.Release|Any CPU.Build.0 = Release|Any CPU
	EndGlobalSection
	GlobalSection(SolutionProperties) = preSolution
		HideSolutionNode = FALSE
	EndGlobalSection
	GlobalSection(ExtensibilityGlobals) = postSolution
		SolutionGuid = {016B8542-34CF-4D83-B00E-EA9EFB52EBC5}
	EndGlobalSection
EndGlobal
